
Microsoft Visual Studio Solution File, Format Version 12.00
# Visual Studio Version 17
VisualStudioVersion = 17.7.34202.233
MinimumVisualStudioVersion = 10.0.40219.1
Project("{9A19103F-16F7-4668-BE54-9A1E7A4F7556}") = "ErenCafe", "ErenCafe\ErenCafe.csproj", "{811B0762-FBAE-47EC-84B4-1BD681802004}"
EndProject
Project("{FAE04EC0-301F-11D3-BF4B-00C04F79EFBC}") = "Proje.Cafe", "Proje.Cafe\Proje.Cafe.csproj", "{59885288-2EE1-423D-BFC6-A22F4460C23C}"
EndProject
Global
	GlobalSection(SolutionConfigurationPlatforms) = preSolution
		Debug|Any CPU = Debug|Any CPU
		Release|Any CPU = Release|Any CPU
	EndGlobalSection
	GlobalSection(ProjectConfigurationPlatforms) = postSolution
		{811B0762-FBAE-47EC-84B4-1BD681802004}.Debug|Any CPU.ActiveCfg = Debug|Any CPU
		{811B0762-FBAE-47EC-84B4-1BD681802004}.Debug|Any CPU.Build.0 = Debug|Any CPU
		{811B0762-FBAE-47EC-84B4-1BD681802004}.Release|Any CPU.ActiveCfg = Release|Any CPU
		{811B0762-FBAE-47EC-84B4-1BD681802004}.Release|Any CPU.Build.0 = Release|Any CPU
		{59885288-2EE1-423D-BFC6-A22F4460C23C}.Debug|Any CPU.ActiveCfg = Debug|Any CPU
		{59885288-2EE1-423D-BFC6-A22F4460C23C}.Debug|Any CPU.Build.0 = Debug|Any CPU
		{59885288-2EE1-423D-BFC6-A22F4460C23C}.Release|Any CPU.ActiveCfg = Release|Any CPU
		{59885288-2EE1-423D-BFC6-A22F4460C23C}.Release|Any CPU.Build.0 = Release|Any CPU
	EndGlobalSection
	GlobalSection(SolutionProperties) = preSolution
		HideSolutionNode = FALSE
	EndGlobalSection
	GlobalSection(ExtensibilityGlobals) = postSolution
		SolutionGuid = {565EC399-6048-494A-A397-F3AC65156230}
	EndGlobalSection
EndGlobal
